
Microsoft Visual Studio Solution File, Format Version 12.00
# Visual Studio 14
VisualStudioVersion = 14.0.25420.1
MinimumVisualStudioVersion = 10.0.40219.1
Project("{FAE04EC0-301F-11D3-BF4B-00C04F79EFBC}") = "XFLocalNotificationiOS", "XFLocalNotificationiOS\XFLocalNotificationiOS\XFLocalNotificationiOS.csproj", "{0EB44358-25C5-44BF-B1BB-58D9D0B65B1C}"
EndProject
Project("{FAE04EC0-301F-11D3-BF4B-00C04F79EFBC}") = "XFLocalNotificationiOS.iOS", "XFLocalNotificationiOS\XFLocalNotificationiOS.iOS\XFLocalNotificationiOS.iOS.csproj", "{1F3434C8-46D4-42C3-A982-F45F82086CAA}"
EndProject
Global
	GlobalSection(SolutionConfigurationPlatforms) = preSolution
		Ad-Hoc|Any CPU = Ad-Hoc|Any CPU
		Ad-Hoc|iPhone = Ad-Hoc|iPhone
		Ad-Hoc|iPhoneSimulator = Ad-Hoc|iPhoneSimulator
		AppStore|Any CPU = AppStore|Any CPU
		AppStore|iPhone = AppStore|iPhone
		AppStore|iPhoneSimulator = AppStore|iPhoneSimulator
		Debug|Any CPU = Debug|Any CPU
		Debug|iPhone = Debug|iPhone
		Debug|iPhoneSimulator = Debug|iPhoneSimulator
		Release|Any CPU = Release|Any CPU
		Release|iPhone = Release|iPhone
		Release|iPhoneSimulator = Release|iPhoneSimulator
	EndGlobalSection
	GlobalSection(ProjectConfigurationPlatforms) = postSolution
		{0EB44358-25C5-44BF-B1BB-58D9D0B65B1C}.Ad-Hoc|Any CPU.ActiveCfg = Release|Any CPU
		{0EB44358-25C5-44BF-B1BB-58D9D0B65B1C}.Ad-Hoc|Any CPU.Build.0 = Release|Any CPU
		{0EB44358-25C5-44BF-B1BB-58D9D0B65B1C}.Ad-Hoc|iPhone.ActiveCfg = Release|Any CPU
		{0EB44358-25C5-44BF-B1BB-58D9D0B65B1C}.Ad-Hoc|iPhone.Build.0 = Release|Any CPU
		{0EB44358-25C5-44BF-B1BB-58D9D0B65B1C}.Ad-Hoc|iPhoneSimulator.ActiveCfg = Release|Any CPU
		{0EB44358-25C5-44BF-B1BB-58D9D0B65B1C}.Ad-Hoc|iPhoneSimulator.Build.0 = Release|Any CPU
		{0EB44358-25C5-44BF-B1BB-58D9D0B65B1C}.AppStore|Any CPU.ActiveCfg = Release|Any CPU
		{0EB44358-25C5-44BF-B1BB-58D9D0B65B1C}.AppStore|Any CPU.Build.0 = Release|Any CPU
		{0EB44358-25C5-44BF-B1BB-58D9D0B65B1C}.AppStore|iPhone.ActiveCfg = Release|Any CPU
		{0EB44358-25C5-44BF-B1BB-58D9D0B65B1C}.AppStore|iPhone.Build.0 = Release|Any CPU
		{0EB44358-25C5-44BF-B1BB-58D9D0B65B1C}.AppStore|iPhoneSimulator.ActiveCfg = Release|Any CPU
		{0EB44358-25C5-44BF-B1BB-58D9D0B65B1C}.AppStore|iPhoneSimulator.Build.0 = Release|Any CPU
		{0EB44358-25C5-44BF-B1BB-58D9D0B65B1C}.Debug|Any CPU.ActiveCfg = Debug|Any CPU
		{0EB44358-25C5-44BF-B1BB-58D9D0B65B1C}.Debug|Any CPU.Build.0 = Debug|Any CPU
		{0EB44358-25C5-44BF-B1BB-58D9D0B65B1C}.Debug|iPhone.ActiveCfg = Debug|Any CPU
		{0EB44358-25C5-44BF-B1BB-58D9D0B65B1C}.Debug|iPhone.Build.0 = Debug|Any CPU
		{0EB44358-25C5-44BF-B1BB-58D9D0B65B1C}.Debug|iPhoneSimulator.ActiveCfg = Debug|Any CPU
		{0EB44358-25C5-44BF-B1BB-58D9D0B65B1C}.Debug|iPhoneSimulator.Build.0 = Debug|Any CPU
		{0EB44358-25C5-44BF-B1BB-58D9D0B65B1C}.Release|Any CPU.ActiveCfg = Release|Any CPU
		{0EB44358-25C5-44BF-B1BB-58D9D0B65B1C}.Release|Any CPU.Build.0 = Release|Any CPU
		{0EB44358-25C5-44BF-B1BB-58D9D0B65B1C}.Release|iPhone.ActiveCfg = Release|Any CPU
		{0EB44358-25C5-44BF-B1BB-58D9D0B65B1C}.Release|iPhone.Build.0 = Release|Any CPU
		{0EB44358-25C5-44BF-B1BB-58D9D0B65B1C}.Release|iPhoneSimulator.ActiveCfg = Release|Any CPU
		{0EB44358-25C5-44BF-B1BB-58D9D0B65B1C}.Release|iPhoneSimulator.Build.0 = Release|Any CPU
		{1F3434C8-46D4-42C3-A982-F45F82086CAA}.Ad-Hoc|Any CPU.ActiveCfg = Ad-Hoc|iPhone
		{1F3434C8-46D4-42C3-A982-F45F82086CAA}.Ad-Hoc|iPhone.ActiveCfg = Ad-Hoc|iPhone
		{1F3434C8-46D4-42C3-A982-F45F82086CAA}.Ad-Hoc|iPhone.Build.0 = Ad-Hoc|iPhone
		{1F3434C8-46D4-42C3-A982-F45F82086CAA}.Ad-Hoc|iPhoneSimulator.ActiveCfg = Ad-Hoc|iPhoneSimulator
		{1F3434C8-46D4-42C3-A982-F45F82086CAA}.Ad-Hoc|iPhoneSimulator.Build.0 = Ad-Hoc|iPhoneSimulator
		{1F3434C8-46D4-42C3-A982-F45F82086CAA}.AppStore|Any CPU.ActiveCfg = AppStore|iPhone
		{1F3434C8-46D4-42C3-A982-F45F82086CAA}.AppStore|iPhone.ActiveCfg = AppStore|iPhone
		{1F3434C8-46D4-42C3-A982-F45F82086CAA}.AppStore|iPhone.Build.0 = AppStore|iPhone
		{1F3434C8-46D4-42C3-A982-F45F82086CAA}.AppStore|iPhoneSimulator.ActiveCfg = AppStore|iPhoneSimulator
		{1F3434C8-46D4-42C3-A982-F45F82086CAA}.AppStore|iPhoneSimulator.Build.0 = AppStore|iPhoneSimulator
		{1F3434C8-46D4-42C3-A982-F45F82086CAA}.Debug|Any CPU.ActiveCfg = Debug|iPhone
		{1F3434C8-46D4-42C3-A982-F45F82086CAA}.Debug|iPhone.ActiveCfg = Debug|iPhone
		{1F3434C8-46D4-42C3-A982-F45F82086CAA}.Debug|iPhone.Build.0 = Debug|iPhone
		{1F3434C8-46D4-42C3-A982-F45F82086CAA}.Debug|iPhoneSimulator.ActiveCfg = Debug|iPhoneSimulator
		{1F3434C8-46D4-42C3-A982-F45F82086CAA}.Debug|iPhoneSimulator.Build.0 = Debug|iPhoneSimulator
		{1F3434C8-46D4-42C3-A982-F45F82086CAA}.Release|Any CPU.ActiveCfg = Release|iPhone
		{1F3434C8-46D4-42C3-A982-F45F82086CAA}.Release|iPhone.ActiveCfg = Release|iPhone
		{1F3434C8-46D4-42C3-A982-F45F82086CAA}.Release|iPhone.Build.0 = Release|iPhone
		{1F3434C8-46D4-42C3-A982-F45F82086CAA}.Release|iPhoneSimulator.ActiveCfg = Release|iPhoneSimulator
		{1F3434C8-46D4-42C3-A982-F45F82086CAA}.Release|iPhoneSimulator.Build.0 = Release|iPhoneSimulator
	EndGlobalSection
	GlobalSection(SolutionProperties) = preSolution
		HideSolutionNode = FALSE
	EndGlobalSection
EndGlobal
