
Microsoft Visual Studio Solution File, Format Version 12.00
# Visual Studio 14
VisualStudioVersion = 14.0.25420.1
MinimumVisualStudioVersion = 10.0.40219.1
Project("{FAE04EC0-301F-11D3-BF4B-00C04F79EFBC}") = "XFMqtt", "XFMqtt\XFMqtt\XFMqtt.csproj", "{925DD11A-1609-4E07-AAAF-6EE176D72456}"
EndProject
Project("{FAE04EC0-301F-11D3-BF4B-00C04F79EFBC}") = "XFMqtt.Droid", "XFMqtt\XFMqtt.Droid\XFMqtt.Droid.csproj", "{E0680101-80D1-4720-A6FD-54E838F26BC4}"
EndProject
Project("{FAE04EC0-301F-11D3-BF4B-00C04F79EFBC}") = "XFMqtt.iOS", "XFMqtt\XFMqtt.iOS\XFMqtt.iOS.csproj", "{24BC4A71-6B1A-45B4-AA4E-6FE581F18270}"
EndProject
Project("{FAE04EC0-301F-11D3-BF4B-00C04F79EFBC}") = "M2Mqtt.Net", "M2Mqtt\M2Mqtt.Net.csproj", "{A11AEF5A-B246-4FE8-8330-06DB73CC8074}"
EndProject
Global
	GlobalSection(SolutionConfigurationPlatforms) = preSolution
		Ad-Hoc|Any CPU = Ad-Hoc|Any CPU
		Ad-Hoc|iPhone = Ad-Hoc|iPhone
		Ad-Hoc|iPhoneSimulator = Ad-Hoc|iPhoneSimulator
		AppStore|Any CPU = AppStore|Any CPU
		AppStore|iPhone = AppStore|iPhone
		AppStore|iPhoneSimulator = AppStore|iPhoneSimulator
		Debug|Any CPU = Debug|Any CPU
		Debug|iPhone = Debug|iPhone
		Debug|iPhoneSimulator = Debug|iPhoneSimulator
		Release|Any CPU = Release|Any CPU
		Release|iPhone = Release|iPhone
		Release|iPhoneSimulator = Release|iPhoneSimulator
	EndGlobalSection
	GlobalSection(ProjectConfigurationPlatforms) = postSolution
		{925DD11A-1609-4E07-AAAF-6EE176D72456}.Ad-Hoc|Any CPU.ActiveCfg = Release|Any CPU
		{925DD11A-1609-4E07-AAAF-6EE176D72456}.Ad-Hoc|Any CPU.Build.0 = Release|Any CPU
		{925DD11A-1609-4E07-AAAF-6EE176D72456}.Ad-Hoc|iPhone.ActiveCfg = Release|Any CPU
		{925DD11A-1609-4E07-AAAF-6EE176D72456}.Ad-Hoc|iPhone.Build.0 = Release|Any CPU
		{925DD11A-1609-4E07-AAAF-6EE176D72456}.Ad-Hoc|iPhoneSimulator.ActiveCfg = Release|Any CPU
		{925DD11A-1609-4E07-AAAF-6EE176D72456}.Ad-Hoc|iPhoneSimulator.Build.0 = Release|Any CPU
		{925DD11A-1609-4E07-AAAF-6EE176D72456}.AppStore|Any CPU.ActiveCfg = Release|Any CPU
		{925DD11A-1609-4E07-AAAF-6EE176D72456}.AppStore|Any CPU.Build.0 = Release|Any CPU
		{925DD11A-1609-4E07-AAAF-6EE176D72456}.AppStore|iPhone.ActiveCfg = Release|Any CPU
		{925DD11A-1609-4E07-AAAF-6EE176D72456}.AppStore|iPhone.Build.0 = Release|Any CPU
		{925DD11A-1609-4E07-AAAF-6EE176D72456}.AppStore|iPhoneSimulator.ActiveCfg = Release|Any CPU
		{925DD11A-1609-4E07-AAAF-6EE176D72456}.AppStore|iPhoneSimulator.Build.0 = Release|Any CPU
		{925DD11A-1609-4E07-AAAF-6EE176D72456}.Debug|Any CPU.ActiveCfg = Debug|Any CPU
		{925DD11A-1609-4E07-AAAF-6EE176D72456}.Debug|Any CPU.Build.0 = Debug|Any CPU
		{925DD11A-1609-4E07-AAAF-6EE176D72456}.Debug|iPhone.ActiveCfg = Debug|Any CPU
		{925DD11A-1609-4E07-AAAF-6EE176D72456}.Debug|iPhone.Build.0 = Debug|Any CPU
		{925DD11A-1609-4E07-AAAF-6EE176D72456}.Debug|iPhoneSimulator.ActiveCfg = Debug|Any CPU
		{925DD11A-1609-4E07-AAAF-6EE176D72456}.Debug|iPhoneSimulator.Build.0 = Debug|Any CPU
		{925DD11A-1609-4E07-AAAF-6EE176D72456}.Release|Any CPU.ActiveCfg = Release|Any CPU
		{925DD11A-1609-4E07-AAAF-6EE176D72456}.Release|Any CPU.Build.0 = Release|Any CPU
		{925DD11A-1609-4E07-AAAF-6EE176D72456}.Release|iPhone.ActiveCfg = Release|Any CPU
		{925DD11A-1609-4E07-AAAF-6EE176D72456}.Release|iPhone.Build.0 = Release|Any CPU
		{925DD11A-1609-4E07-AAAF-6EE176D72456}.Release|iPhoneSimulator.ActiveCfg = Release|Any CPU
		{925DD11A-1609-4E07-AAAF-6EE176D72456}.Release|iPhoneSimulator.Build.0 = Release|Any CPU
		{E0680101-80D1-4720-A6FD-54E838F26BC4}.Ad-Hoc|Any CPU.ActiveCfg = Release|Any CPU
		{E0680101-80D1-4720-A6FD-54E838F26BC4}.Ad-Hoc|Any CPU.Build.0 = Release|Any CPU
		{E0680101-80D1-4720-A6FD-54E838F26BC4}.Ad-Hoc|Any CPU.Deploy.0 = Release|Any CPU
		{E0680101-80D1-4720-A6FD-54E838F26BC4}.Ad-Hoc|iPhone.ActiveCfg = Release|Any CPU
		{E0680101-80D1-4720-A6FD-54E838F26BC4}.Ad-Hoc|iPhone.Build.0 = Release|Any CPU
		{E0680101-80D1-4720-A6FD-54E838F26BC4}.Ad-Hoc|iPhone.Deploy.0 = Release|Any CPU
		{E0680101-80D1-4720-A6FD-54E838F26BC4}.Ad-Hoc|iPhoneSimulator.ActiveCfg = Release|Any CPU
		{E0680101-80D1-4720-A6FD-54E838F26BC4}.Ad-Hoc|iPhoneSimulator.Build.0 = Release|Any CPU
		{E0680101-80D1-4720-A6FD-54E838F26BC4}.Ad-Hoc|iPhoneSimulator.Deploy.0 = Release|Any CPU
		{E0680101-80D1-4720-A6FD-54E838F26BC4}.AppStore|Any CPU.ActiveCfg = Release|Any CPU
		{E0680101-80D1-4720-A6FD-54E838F26BC4}.AppStore|Any CPU.Build.0 = Release|Any CPU
		{E0680101-80D1-4720-A6FD-54E838F26BC4}.AppStore|Any CPU.Deploy.0 = Release|Any CPU
		{E0680101-80D1-4720-A6FD-54E838F26BC4}.AppStore|iPhone.ActiveCfg = Release|Any CPU
		{E0680101-80D1-4720-A6FD-54E838F26BC4}.AppStore|iPhone.Build.0 = Release|Any CPU
		{E0680101-80D1-4720-A6FD-54E838F26BC4}.AppStore|iPhone.Deploy.0 = Release|Any CPU
		{E0680101-80D1-4720-A6FD-54E838F26BC4}.AppStore|iPhoneSimulator.ActiveCfg = Release|Any CPU
		{E0680101-80D1-4720-A6FD-54E838F26BC4}.AppStore|iPhoneSimulator.Build.0 = Release|Any CPU
		{E0680101-80D1-4720-A6FD-54E838F26BC4}.AppStore|iPhoneSimulator.Deploy.0 = Release|Any CPU
		{E0680101-80D1-4720-A6FD-54E838F26BC4}.Debug|Any CPU.ActiveCfg = Debug|Any CPU
		{E0680101-80D1-4720-A6FD-54E838F26BC4}.Debug|Any CPU.Build.0 = Debug|Any CPU
		{E0680101-80D1-4720-A6FD-54E838F26BC4}.Debug|Any CPU.Deploy.0 = Debug|Any CPU
		{E0680101-80D1-4720-A6FD-54E838F26BC4}.Debug|iPhone.ActiveCfg = Debug|Any CPU
		{E0680101-80D1-4720-A6FD-54E838F26BC4}.Debug|iPhone.Build.0 = Debug|Any CPU
		{E0680101-80D1-4720-A6FD-54E838F26BC4}.Debug|iPhone.Deploy.0 = Debug|Any CPU
		{E0680101-80D1-4720-A6FD-54E838F26BC4}.Debug|iPhoneSimulator.ActiveCfg = Debug|Any CPU
		{E0680101-80D1-4720-A6FD-54E838F26BC4}.Debug|iPhoneSimulator.Build.0 = Debug|Any CPU
		{E0680101-80D1-4720-A6FD-54E838F26BC4}.Debug|iPhoneSimulator.Deploy.0 = Debug|Any CPU
		{E0680101-80D1-4720-A6FD-54E838F26BC4}.Release|Any CPU.ActiveCfg = Release|Any CPU
		{E0680101-80D1-4720-A6FD-54E838F26BC4}.Release|Any CPU.Build.0 = Release|Any CPU
		{E0680101-80D1-4720-A6FD-54E838F26BC4}.Release|Any CPU.Deploy.0 = Release|Any CPU
		{E0680101-80D1-4720-A6FD-54E838F26BC4}.Release|iPhone.ActiveCfg = Release|Any CPU
		{E0680101-80D1-4720-A6FD-54E838F26BC4}.Release|iPhone.Build.0 = Release|Any CPU
		{E0680101-80D1-4720-A6FD-54E838F26BC4}.Release|iPhone.Deploy.0 = Release|Any CPU
		{E0680101-80D1-4720-A6FD-54E838F26BC4}.Release|iPhoneSimulator.ActiveCfg = Release|Any CPU
		{E0680101-80D1-4720-A6FD-54E838F26BC4}.Release|iPhoneSimulator.Build.0 = Release|Any CPU
		{E0680101-80D1-4720-A6FD-54E838F26BC4}.Release|iPhoneSimulator.Deploy.0 = Release|Any CPU
		{24BC4A71-6B1A-45B4-AA4E-6FE581F18270}.Ad-Hoc|Any CPU.ActiveCfg = Ad-Hoc|iPhone
		{24BC4A71-6B1A-45B4-AA4E-6FE581F18270}.Ad-Hoc|iPhone.ActiveCfg = Ad-Hoc|iPhone
		{24BC4A71-6B1A-45B4-AA4E-6FE581F18270}.Ad-Hoc|iPhone.Build.0 = Ad-Hoc|iPhone
		{24BC4A71-6B1A-45B4-AA4E-6FE581F18270}.Ad-Hoc|iPhoneSimulator.ActiveCfg = Ad-Hoc|iPhoneSimulator
		{24BC4A71-6B1A-45B4-AA4E-6FE581F18270}.Ad-Hoc|iPhoneSimulator.Build.0 = Ad-Hoc|iPhoneSimulator
		{24BC4A71-6B1A-45B4-AA4E-6FE581F18270}.AppStore|Any CPU.ActiveCfg = AppStore|iPhone
		{24BC4A71-6B1A-45B4-AA4E-6FE581F18270}.AppStore|iPhone.ActiveCfg = AppStore|iPhone
		{24BC4A71-6B1A-45B4-AA4E-6FE581F18270}.AppStore|iPhone.Build.0 = AppStore|iPhone
		{24BC4A71-6B1A-45B4-AA4E-6FE581F18270}.AppStore|iPhoneSimulator.ActiveCfg = AppStore|iPhoneSimulator
		{24BC4A71-6B1A-45B4-AA4E-6FE581F18270}.AppStore|iPhoneSimulator.Build.0 = AppStore|iPhoneSimulator
		{24BC4A71-6B1A-45B4-AA4E-6FE581F18270}.Debug|Any CPU.ActiveCfg = Debug|iPhone
		{24BC4A71-6B1A-45B4-AA4E-6FE581F18270}.Debug|iPhone.ActiveCfg = Debug|iPhone
		{24BC4A71-6B1A-45B4-AA4E-6FE581F18270}.Debug|iPhone.Build.0 = Debug|iPhone
		{24BC4A71-6B1A-45B4-AA4E-6FE581F18270}.Debug|iPhoneSimulator.ActiveCfg = Debug|iPhoneSimulator
		{24BC4A71-6B1A-45B4-AA4E-6FE581F18270}.Debug|iPhoneSimulator.Build.0 = Debug|iPhoneSimulator
		{24BC4A71-6B1A-45B4-AA4E-6FE581F18270}.Release|Any CPU.ActiveCfg = Release|iPhone
		{24BC4A71-6B1A-45B4-AA4E-6FE581F18270}.Release|iPhone.ActiveCfg = Release|iPhone
		{24BC4A71-6B1A-45B4-AA4E-6FE581F18270}.Release|iPhone.Build.0 = Release|iPhone
		{24BC4A71-6B1A-45B4-AA4E-6FE581F18270}.Release|iPhoneSimulator.ActiveCfg = Release|iPhoneSimulator
		{24BC4A71-6B1A-45B4-AA4E-6FE581F18270}.Release|iPhoneSimulator.Build.0 = Release|iPhoneSimulator
		{A11AEF5A-B246-4FE8-8330-06DB73CC8074}.Ad-Hoc|Any CPU.ActiveCfg = Release|Any CPU
		{A11AEF5A-B246-4FE8-8330-06DB73CC8074}.Ad-Hoc|Any CPU.Build.0 = Release|Any CPU
		{A11AEF5A-B246-4FE8-8330-06DB73CC8074}.Ad-Hoc|iPhone.ActiveCfg = Release|Any CPU
		{A11AEF5A-B246-4FE8-8330-06DB73CC8074}.Ad-Hoc|iPhone.Build.0 = Release|Any CPU
		{A11AEF5A-B246-4FE8-8330-06DB73CC8074}.Ad-Hoc|iPhoneSimulator.ActiveCfg = Release|Any CPU
		{A11AEF5A-B246-4FE8-8330-06DB73CC8074}.Ad-Hoc|iPhoneSimulator.Build.0 = Release|Any CPU
		{A11AEF5A-B246-4FE8-8330-06DB73CC8074}.AppStore|Any CPU.ActiveCfg = Release|Any CPU
		{A11AEF5A-B246-4FE8-8330-06DB73CC8074}.AppStore|Any CPU.Build.0 = Release|Any CPU
		{A11AEF5A-B246-4FE8-8330-06DB73CC8074}.AppStore|iPhone.ActiveCfg = Release|Any CPU
		{A11AEF5A-B246-4FE8-8330-06DB73CC8074}.AppStore|iPhone.Build.0 = Release|Any CPU
		{A11AEF5A-B246-4FE8-8330-06DB73CC8074}.AppStore|iPhoneSimulator.ActiveCfg = Release|Any CPU
		{A11AEF5A-B246-4FE8-8330-06DB73CC8074}.AppStore|iPhoneSimulator.Build.0 = Release|Any CPU
		{A11AEF5A-B246-4FE8-8330-06DB73CC8074}.Debug|Any CPU.ActiveCfg = Debug|Any CPU
		{A11AEF5A-B246-4FE8-8330-06DB73CC8074}.Debug|Any CPU.Build.0 = Debug|Any CPU
		{A11AEF5A-B246-4FE8-8330-06DB73CC8074}.Debug|iPhone.ActiveCfg = Debug|Any CPU
		{A11AEF5A-B246-4FE8-8330-06DB73CC8074}.Debug|iPhone.Build.0 = Debug|Any CPU
		{A11AEF5A-B246-4FE8-8330-06DB73CC8074}.Debug|iPhoneSimulator.ActiveCfg = Debug|Any CPU
		{A11AEF5A-B246-4FE8-8330-06DB73CC8074}.Debug|iPhoneSimulator.Build.0 = Debug|Any CPU
		{A11AEF5A-B246-4FE8-8330-06DB73CC8074}.Release|Any CPU.ActiveCfg = Release|Any CPU
		{A11AEF5A-B246-4FE8-8330-06DB73CC8074}.Release|Any CPU.Build.0 = Release|Any CPU
		{A11AEF5A-B246-4FE8-8330-06DB73CC8074}.Release|iPhone.ActiveCfg = Release|Any CPU
		{A11AEF5A-B246-4FE8-8330-06DB73CC8074}.Release|iPhone.Build.0 = Release|Any CPU
		{A11AEF5A-B246-4FE8-8330-06DB73CC8074}.Release|iPhoneSimulator.ActiveCfg = Release|Any CPU
		{A11AEF5A-B246-4FE8-8330-06DB73CC8074}.Release|iPhoneSimulator.Build.0 = Release|Any CPU
	EndGlobalSection
	GlobalSection(SolutionProperties) = preSolution
		HideSolutionNode = FALSE
	EndGlobalSection
EndGlobal
