
Microsoft Visual Studio Solution File, Format Version 12.00
# Visual Studio 14
VisualStudioVersion = 14.0.25420.1
MinimumVisualStudioVersion = 10.0.40219.1
Project("{FAE04EC0-301F-11D3-BF4B-00C04F79EFBC}") = "XFLocalization", "XFLocalization\XFLocalization\XFLocalization.csproj", "{6F1AB5F4-20C5-4593-8123-B65F0A1F166A}"
EndProject
Project("{FAE04EC0-301F-11D3-BF4B-00C04F79EFBC}") = "XFLocalization.Droid", "XFLocalization\XFLocalization.Droid\XFLocalization.Droid.csproj", "{97A28CDB-25EF-4A66-BD05-169086F216B4}"
EndProject
Project("{FAE04EC0-301F-11D3-BF4B-00C04F79EFBC}") = "XFLocalization.iOS", "XFLocalization\XFLocalization.iOS\XFLocalization.iOS.csproj", "{7C66F1C8-6F81-415B-88C7-EB939210A212}"
EndProject
Project("{FAE04EC0-301F-11D3-BF4B-00C04F79EFBC}") = "XFLocalization.UWP", "XFLocalization\XFLocalization.UWP\XFLocalization.UWP.csproj", "{705EA733-1F59-4FCA-B354-DC39504F0624}"
EndProject
Global
	GlobalSection(SolutionConfigurationPlatforms) = preSolution
		Ad-Hoc|Any CPU = Ad-Hoc|Any CPU
		Ad-Hoc|ARM = Ad-Hoc|ARM
		Ad-Hoc|iPhone = Ad-Hoc|iPhone
		Ad-Hoc|iPhoneSimulator = Ad-Hoc|iPhoneSimulator
		Ad-Hoc|x64 = Ad-Hoc|x64
		Ad-Hoc|x86 = Ad-Hoc|x86
		AppStore|Any CPU = AppStore|Any CPU
		AppStore|ARM = AppStore|ARM
		AppStore|iPhone = AppStore|iPhone
		AppStore|iPhoneSimulator = AppStore|iPhoneSimulator
		AppStore|x64 = AppStore|x64
		AppStore|x86 = AppStore|x86
		Debug|Any CPU = Debug|Any CPU
		Debug|ARM = Debug|ARM
		Debug|iPhone = Debug|iPhone
		Debug|iPhoneSimulator = Debug|iPhoneSimulator
		Debug|x64 = Debug|x64
		Debug|x86 = Debug|x86
		Release|Any CPU = Release|Any CPU
		Release|ARM = Release|ARM
		Release|iPhone = Release|iPhone
		Release|iPhoneSimulator = Release|iPhoneSimulator
		Release|x64 = Release|x64
		Release|x86 = Release|x86
	EndGlobalSection
	GlobalSection(ProjectConfigurationPlatforms) = postSolution
		{6F1AB5F4-20C5-4593-8123-B65F0A1F166A}.Ad-Hoc|Any CPU.ActiveCfg = Release|Any CPU
		{6F1AB5F4-20C5-4593-8123-B65F0A1F166A}.Ad-Hoc|Any CPU.Build.0 = Release|Any CPU
		{6F1AB5F4-20C5-4593-8123-B65F0A1F166A}.Ad-Hoc|ARM.ActiveCfg = Release|Any CPU
		{6F1AB5F4-20C5-4593-8123-B65F0A1F166A}.Ad-Hoc|ARM.Build.0 = Release|Any CPU
		{6F1AB5F4-20C5-4593-8123-B65F0A1F166A}.Ad-Hoc|iPhone.ActiveCfg = Release|Any CPU
		{6F1AB5F4-20C5-4593-8123-B65F0A1F166A}.Ad-Hoc|iPhone.Build.0 = Release|Any CPU
		{6F1AB5F4-20C5-4593-8123-B65F0A1F166A}.Ad-Hoc|iPhoneSimulator.ActiveCfg = Release|Any CPU
		{6F1AB5F4-20C5-4593-8123-B65F0A1F166A}.Ad-Hoc|iPhoneSimulator.Build.0 = Release|Any CPU
		{6F1AB5F4-20C5-4593-8123-B65F0A1F166A}.Ad-Hoc|x64.ActiveCfg = Release|Any CPU
		{6F1AB5F4-20C5-4593-8123-B65F0A1F166A}.Ad-Hoc|x64.Build.0 = Release|Any CPU
		{6F1AB5F4-20C5-4593-8123-B65F0A1F166A}.Ad-Hoc|x86.ActiveCfg = Release|Any CPU
		{6F1AB5F4-20C5-4593-8123-B65F0A1F166A}.Ad-Hoc|x86.Build.0 = Release|Any CPU
		{6F1AB5F4-20C5-4593-8123-B65F0A1F166A}.AppStore|Any CPU.ActiveCfg = Release|Any CPU
		{6F1AB5F4-20C5-4593-8123-B65F0A1F166A}.AppStore|Any CPU.Build.0 = Release|Any CPU
		{6F1AB5F4-20C5-4593-8123-B65F0A1F166A}.AppStore|ARM.ActiveCfg = Release|Any CPU
		{6F1AB5F4-20C5-4593-8123-B65F0A1F166A}.AppStore|ARM.Build.0 = Release|Any CPU
		{6F1AB5F4-20C5-4593-8123-B65F0A1F166A}.AppStore|iPhone.ActiveCfg = Release|Any CPU
		{6F1AB5F4-20C5-4593-8123-B65F0A1F166A}.AppStore|iPhone.Build.0 = Release|Any CPU
		{6F1AB5F4-20C5-4593-8123-B65F0A1F166A}.AppStore|iPhoneSimulator.ActiveCfg = Release|Any CPU
		{6F1AB5F4-20C5-4593-8123-B65F0A1F166A}.AppStore|iPhoneSimulator.Build.0 = Release|Any CPU
		{6F1AB5F4-20C5-4593-8123-B65F0A1F166A}.AppStore|x64.ActiveCfg = Release|Any CPU
		{6F1AB5F4-20C5-4593-8123-B65F0A1F166A}.AppStore|x64.Build.0 = Release|Any CPU
		{6F1AB5F4-20C5-4593-8123-B65F0A1F166A}.AppStore|x86.ActiveCfg = Release|Any CPU
		{6F1AB5F4-20C5-4593-8123-B65F0A1F166A}.AppStore|x86.Build.0 = Release|Any CPU
		{6F1AB5F4-20C5-4593-8123-B65F0A1F166A}.Debug|Any CPU.ActiveCfg = Debug|Any CPU
		{6F1AB5F4-20C5-4593-8123-B65F0A1F166A}.Debug|Any CPU.Build.0 = Debug|Any CPU
		{6F1AB5F4-20C5-4593-8123-B65F0A1F166A}.Debug|ARM.ActiveCfg = Debug|Any CPU
		{6F1AB5F4-20C5-4593-8123-B65F0A1F166A}.Debug|ARM.Build.0 = Debug|Any CPU
		{6F1AB5F4-20C5-4593-8123-B65F0A1F166A}.Debug|iPhone.ActiveCfg = Debug|Any CPU
		{6F1AB5F4-20C5-4593-8123-B65F0A1F166A}.Debug|iPhone.Build.0 = Debug|Any CPU
		{6F1AB5F4-20C5-4593-8123-B65F0A1F166A}.Debug|iPhoneSimulator.ActiveCfg = Debug|Any CPU
		{6F1AB5F4-20C5-4593-8123-B65F0A1F166A}.Debug|iPhoneSimulator.Build.0 = Debug|Any CPU
		{6F1AB5F4-20C5-4593-8123-B65F0A1F166A}.Debug|x64.ActiveCfg = Debug|Any CPU
		{6F1AB5F4-20C5-4593-8123-B65F0A1F166A}.Debug|x64.Build.0 = Debug|Any CPU
		{6F1AB5F4-20C5-4593-8123-B65F0A1F166A}.Debug|x86.ActiveCfg = Debug|Any CPU
		{6F1AB5F4-20C5-4593-8123-B65F0A1F166A}.Debug|x86.Build.0 = Debug|Any CPU
		{6F1AB5F4-20C5-4593-8123-B65F0A1F166A}.Release|Any CPU.ActiveCfg = Release|Any CPU
		{6F1AB5F4-20C5-4593-8123-B65F0A1F166A}.Release|Any CPU.Build.0 = Release|Any CPU
		{6F1AB5F4-20C5-4593-8123-B65F0A1F166A}.Release|ARM.ActiveCfg = Release|Any CPU
		{6F1AB5F4-20C5-4593-8123-B65F0A1F166A}.Release|ARM.Build.0 = Release|Any CPU
		{6F1AB5F4-20C5-4593-8123-B65F0A1F166A}.Release|iPhone.ActiveCfg = Release|Any CPU
		{6F1AB5F4-20C5-4593-8123-B65F0A1F166A}.Release|iPhone.Build.0 = Release|Any CPU
		{6F1AB5F4-20C5-4593-8123-B65F0A1F166A}.Release|iPhoneSimulator.ActiveCfg = Release|Any CPU
		{6F1AB5F4-20C5-4593-8123-B65F0A1F166A}.Release|iPhoneSimulator.Build.0 = Release|Any CPU
		{6F1AB5F4-20C5-4593-8123-B65F0A1F166A}.Release|x64.ActiveCfg = Release|Any CPU
		{6F1AB5F4-20C5-4593-8123-B65F0A1F166A}.Release|x64.Build.0 = Release|Any CPU
		{6F1AB5F4-20C5-4593-8123-B65F0A1F166A}.Release|x86.ActiveCfg = Release|Any CPU
		{6F1AB5F4-20C5-4593-8123-B65F0A1F166A}.Release|x86.Build.0 = Release|Any CPU
		{97A28CDB-25EF-4A66-BD05-169086F216B4}.Ad-Hoc|Any CPU.ActiveCfg = Release|Any CPU
		{97A28CDB-25EF-4A66-BD05-169086F216B4}.Ad-Hoc|Any CPU.Build.0 = Release|Any CPU
		{97A28CDB-25EF-4A66-BD05-169086F216B4}.Ad-Hoc|Any CPU.Deploy.0 = Release|Any CPU
		{97A28CDB-25EF-4A66-BD05-169086F216B4}.Ad-Hoc|ARM.ActiveCfg = Release|Any CPU
		{97A28CDB-25EF-4A66-BD05-169086F216B4}.Ad-Hoc|ARM.Build.0 = Release|Any CPU
		{97A28CDB-25EF-4A66-BD05-169086F216B4}.Ad-Hoc|ARM.Deploy.0 = Release|Any CPU
		{97A28CDB-25EF-4A66-BD05-169086F216B4}.Ad-Hoc|iPhone.ActiveCfg = Release|Any CPU
		{97A28CDB-25EF-4A66-BD05-169086F216B4}.Ad-Hoc|iPhone.Build.0 = Release|Any CPU
		{97A28CDB-25EF-4A66-BD05-169086F216B4}.Ad-Hoc|iPhone.Deploy.0 = Release|Any CPU
		{97A28CDB-25EF-4A66-BD05-169086F216B4}.Ad-Hoc|iPhoneSimulator.ActiveCfg = Release|Any CPU
		{97A28CDB-25EF-4A66-BD05-169086F216B4}.Ad-Hoc|iPhoneSimulator.Build.0 = Release|Any CPU
		{97A28CDB-25EF-4A66-BD05-169086F216B4}.Ad-Hoc|iPhoneSimulator.Deploy.0 = Release|Any CPU
		{97A28CDB-25EF-4A66-BD05-169086F216B4}.Ad-Hoc|x64.ActiveCfg = Release|Any CPU
		{97A28CDB-25EF-4A66-BD05-169086F216B4}.Ad-Hoc|x64.Build.0 = Release|Any CPU
		{97A28CDB-25EF-4A66-BD05-169086F216B4}.Ad-Hoc|x64.Deploy.0 = Release|Any CPU
		{97A28CDB-25EF-4A66-BD05-169086F216B4}.Ad-Hoc|x86.ActiveCfg = Release|Any CPU
		{97A28CDB-25EF-4A66-BD05-169086F216B4}.Ad-Hoc|x86.Build.0 = Release|Any CPU
		{97A28CDB-25EF-4A66-BD05-169086F216B4}.Ad-Hoc|x86.Deploy.0 = Release|Any CPU
		{97A28CDB-25EF-4A66-BD05-169086F216B4}.AppStore|Any CPU.ActiveCfg = Release|Any CPU
		{97A28CDB-25EF-4A66-BD05-169086F216B4}.AppStore|Any CPU.Build.0 = Release|Any CPU
		{97A28CDB-25EF-4A66-BD05-169086F216B4}.AppStore|Any CPU.Deploy.0 = Release|Any CPU
		{97A28CDB-25EF-4A66-BD05-169086F216B4}.AppStore|ARM.ActiveCfg = Release|Any CPU
		{97A28CDB-25EF-4A66-BD05-169086F216B4}.AppStore|ARM.Build.0 = Release|Any CPU
		{97A28CDB-25EF-4A66-BD05-169086F216B4}.AppStore|ARM.Deploy.0 = Release|Any CPU
		{97A28CDB-25EF-4A66-BD05-169086F216B4}.AppStore|iPhone.ActiveCfg = Release|Any CPU
		{97A28CDB-25EF-4A66-BD05-169086F216B4}.AppStore|iPhone.Build.0 = Release|Any CPU
		{97A28CDB-25EF-4A66-BD05-169086F216B4}.AppStore|iPhone.Deploy.0 = Release|Any CPU
		{97A28CDB-25EF-4A66-BD05-169086F216B4}.AppStore|iPhoneSimulator.ActiveCfg = Release|Any CPU
		{97A28CDB-25EF-4A66-BD05-169086F216B4}.AppStore|iPhoneSimulator.Build.0 = Release|Any CPU
		{97A28CDB-25EF-4A66-BD05-169086F216B4}.AppStore|iPhoneSimulator.Deploy.0 = Release|Any CPU
		{97A28CDB-25EF-4A66-BD05-169086F216B4}.AppStore|x64.ActiveCfg = Release|Any CPU
		{97A28CDB-25EF-4A66-BD05-169086F216B4}.AppStore|x64.Build.0 = Release|Any CPU
		{97A28CDB-25EF-4A66-BD05-169086F216B4}.AppStore|x64.Deploy.0 = Release|Any CPU
		{97A28CDB-25EF-4A66-BD05-169086F216B4}.AppStore|x86.ActiveCfg = Release|Any CPU
		{97A28CDB-25EF-4A66-BD05-169086F216B4}.AppStore|x86.Build.0 = Release|Any CPU
		{97A28CDB-25EF-4A66-BD05-169086F216B4}.AppStore|x86.Deploy.0 = Release|Any CPU
		{97A28CDB-25EF-4A66-BD05-169086F216B4}.Debug|Any CPU.ActiveCfg = Debug|Any CPU
		{97A28CDB-25EF-4A66-BD05-169086F216B4}.Debug|Any CPU.Build.0 = Debug|Any CPU
		{97A28CDB-25EF-4A66-BD05-169086F216B4}.Debug|Any CPU.Deploy.0 = Debug|Any CPU
		{97A28CDB-25EF-4A66-BD05-169086F216B4}.Debug|ARM.ActiveCfg = Debug|Any CPU
		{97A28CDB-25EF-4A66-BD05-169086F216B4}.Debug|ARM.Build.0 = Debug|Any CPU
		{97A28CDB-25EF-4A66-BD05-169086F216B4}.Debug|ARM.Deploy.0 = Debug|Any CPU
		{97A28CDB-25EF-4A66-BD05-169086F216B4}.Debug|iPhone.ActiveCfg = Debug|Any CPU
		{97A28CDB-25EF-4A66-BD05-169086F216B4}.Debug|iPhone.Build.0 = Debug|Any CPU
		{97A28CDB-25EF-4A66-BD05-169086F216B4}.Debug|iPhone.Deploy.0 = Debug|Any CPU
		{97A28CDB-25EF-4A66-BD05-169086F216B4}.Debug|iPhoneSimulator.ActiveCfg = Debug|Any CPU
		{97A28CDB-25EF-4A66-BD05-169086F216B4}.Debug|iPhoneSimulator.Build.0 = Debug|Any CPU
		{97A28CDB-25EF-4A66-BD05-169086F216B4}.Debug|iPhoneSimulator.Deploy.0 = Debug|Any CPU
		{97A28CDB-25EF-4A66-BD05-169086F216B4}.Debug|x64.ActiveCfg = Debug|Any CPU
		{97A28CDB-25EF-4A66-BD05-169086F216B4}.Debug|x64.Build.0 = Debug|Any CPU
		{97A28CDB-25EF-4A66-BD05-169086F216B4}.Debug|x64.Deploy.0 = Debug|Any CPU
		{97A28CDB-25EF-4A66-BD05-169086F216B4}.Debug|x86.ActiveCfg = Debug|Any CPU
		{97A28CDB-25EF-4A66-BD05-169086F216B4}.Debug|x86.Build.0 = Debug|Any CPU
		{97A28CDB-25EF-4A66-BD05-169086F216B4}.Debug|x86.Deploy.0 = Debug|Any CPU
		{97A28CDB-25EF-4A66-BD05-169086F216B4}.Release|Any CPU.ActiveCfg = Release|Any CPU
		{97A28CDB-25EF-4A66-BD05-169086F216B4}.Release|Any CPU.Build.0 = Release|Any CPU
		{97A28CDB-25EF-4A66-BD05-169086F216B4}.Release|Any CPU.Deploy.0 = Release|Any CPU
		{97A28CDB-25EF-4A66-BD05-169086F216B4}.Release|ARM.ActiveCfg = Release|Any CPU
		{97A28CDB-25EF-4A66-BD05-169086F216B4}.Release|ARM.Build.0 = Release|Any CPU
		{97A28CDB-25EF-4A66-BD05-169086F216B4}.Release|ARM.Deploy.0 = Release|Any CPU
		{97A28CDB-25EF-4A66-BD05-169086F216B4}.Release|iPhone.ActiveCfg = Release|Any CPU
		{97A28CDB-25EF-4A66-BD05-169086F216B4}.Release|iPhone.Build.0 = Release|Any CPU
		{97A28CDB-25EF-4A66-BD05-169086F216B4}.Release|iPhone.Deploy.0 = Release|Any CPU
		{97A28CDB-25EF-4A66-BD05-169086F216B4}.Release|iPhoneSimulator.ActiveCfg = Release|Any CPU
		{97A28CDB-25EF-4A66-BD05-169086F216B4}.Release|iPhoneSimulator.Build.0 = Release|Any CPU
		{97A28CDB-25EF-4A66-BD05-169086F216B4}.Release|iPhoneSimulator.Deploy.0 = Release|Any CPU
		{97A28CDB-25EF-4A66-BD05-169086F216B4}.Release|x64.ActiveCfg = Release|Any CPU
		{97A28CDB-25EF-4A66-BD05-169086F216B4}.Release|x64.Build.0 = Release|Any CPU
		{97A28CDB-25EF-4A66-BD05-169086F216B4}.Release|x64.Deploy.0 = Release|Any CPU
		{97A28CDB-25EF-4A66-BD05-169086F216B4}.Release|x86.ActiveCfg = Release|Any CPU
		{97A28CDB-25EF-4A66-BD05-169086F216B4}.Release|x86.Build.0 = Release|Any CPU
		{97A28CDB-25EF-4A66-BD05-169086F216B4}.Release|x86.Deploy.0 = Release|Any CPU
		{7C66F1C8-6F81-415B-88C7-EB939210A212}.Ad-Hoc|Any CPU.ActiveCfg = Ad-Hoc|iPhone
		{7C66F1C8-6F81-415B-88C7-EB939210A212}.Ad-Hoc|ARM.ActiveCfg = Ad-Hoc|iPhone
		{7C66F1C8-6F81-415B-88C7-EB939210A212}.Ad-Hoc|iPhone.ActiveCfg = Ad-Hoc|iPhone
		{7C66F1C8-6F81-415B-88C7-EB939210A212}.Ad-Hoc|iPhone.Build.0 = Ad-Hoc|iPhone
		{7C66F1C8-6F81-415B-88C7-EB939210A212}.Ad-Hoc|iPhoneSimulator.ActiveCfg = Ad-Hoc|iPhoneSimulator
		{7C66F1C8-6F81-415B-88C7-EB939210A212}.Ad-Hoc|iPhoneSimulator.Build.0 = Ad-Hoc|iPhoneSimulator
		{7C66F1C8-6F81-415B-88C7-EB939210A212}.Ad-Hoc|x64.ActiveCfg = Ad-Hoc|iPhone
		{7C66F1C8-6F81-415B-88C7-EB939210A212}.Ad-Hoc|x86.ActiveCfg = Ad-Hoc|iPhone
		{7C66F1C8-6F81-415B-88C7-EB939210A212}.AppStore|Any CPU.ActiveCfg = AppStore|iPhone
		{7C66F1C8-6F81-415B-88C7-EB939210A212}.AppStore|ARM.ActiveCfg = AppStore|iPhone
		{7C66F1C8-6F81-415B-88C7-EB939210A212}.AppStore|iPhone.ActiveCfg = AppStore|iPhone
		{7C66F1C8-6F81-415B-88C7-EB939210A212}.AppStore|iPhone.Build.0 = AppStore|iPhone
		{7C66F1C8-6F81-415B-88C7-EB939210A212}.AppStore|iPhoneSimulator.ActiveCfg = AppStore|iPhoneSimulator
		{7C66F1C8-6F81-415B-88C7-EB939210A212}.AppStore|iPhoneSimulator.Build.0 = AppStore|iPhoneSimulator
		{7C66F1C8-6F81-415B-88C7-EB939210A212}.AppStore|x64.ActiveCfg = AppStore|iPhone
		{7C66F1C8-6F81-415B-88C7-EB939210A212}.AppStore|x86.ActiveCfg = AppStore|iPhone
		{7C66F1C8-6F81-415B-88C7-EB939210A212}.Debug|Any CPU.ActiveCfg = Debug|iPhone
		{7C66F1C8-6F81-415B-88C7-EB939210A212}.Debug|Any CPU.Build.0 = Debug|iPhone
		{7C66F1C8-6F81-415B-88C7-EB939210A212}.Debug|ARM.ActiveCfg = Debug|iPhone
		{7C66F1C8-6F81-415B-88C7-EB939210A212}.Debug|iPhone.ActiveCfg = Debug|iPhone
		{7C66F1C8-6F81-415B-88C7-EB939210A212}.Debug|iPhone.Build.0 = Debug|iPhone
		{7C66F1C8-6F81-415B-88C7-EB939210A212}.Debug|iPhoneSimulator.ActiveCfg = Debug|iPhoneSimulator
		{7C66F1C8-6F81-415B-88C7-EB939210A212}.Debug|iPhoneSimulator.Build.0 = Debug|iPhoneSimulator
		{7C66F1C8-6F81-415B-88C7-EB939210A212}.Debug|x64.ActiveCfg = Debug|iPhone
		{7C66F1C8-6F81-415B-88C7-EB939210A212}.Debug|x86.ActiveCfg = Debug|iPhone
		{7C66F1C8-6F81-415B-88C7-EB939210A212}.Release|Any CPU.ActiveCfg = Release|iPhone
		{7C66F1C8-6F81-415B-88C7-EB939210A212}.Release|ARM.ActiveCfg = Release|iPhone
		{7C66F1C8-6F81-415B-88C7-EB939210A212}.Release|iPhone.ActiveCfg = Release|iPhone
		{7C66F1C8-6F81-415B-88C7-EB939210A212}.Release|iPhone.Build.0 = Release|iPhone
		{7C66F1C8-6F81-415B-88C7-EB939210A212}.Release|iPhoneSimulator.ActiveCfg = Release|iPhoneSimulator
		{7C66F1C8-6F81-415B-88C7-EB939210A212}.Release|iPhoneSimulator.Build.0 = Release|iPhoneSimulator
		{7C66F1C8-6F81-415B-88C7-EB939210A212}.Release|x64.ActiveCfg = Release|iPhone
		{7C66F1C8-6F81-415B-88C7-EB939210A212}.Release|x86.ActiveCfg = Release|iPhone
		{705EA733-1F59-4FCA-B354-DC39504F0624}.Ad-Hoc|Any CPU.ActiveCfg = Release|x86
		{705EA733-1F59-4FCA-B354-DC39504F0624}.Ad-Hoc|Any CPU.Build.0 = Release|x86
		{705EA733-1F59-4FCA-B354-DC39504F0624}.Ad-Hoc|Any CPU.Deploy.0 = Release|x86
		{705EA733-1F59-4FCA-B354-DC39504F0624}.Ad-Hoc|ARM.ActiveCfg = Release|ARM
		{705EA733-1F59-4FCA-B354-DC39504F0624}.Ad-Hoc|ARM.Build.0 = Release|ARM
		{705EA733-1F59-4FCA-B354-DC39504F0624}.Ad-Hoc|ARM.Deploy.0 = Release|ARM
		{705EA733-1F59-4FCA-B354-DC39504F0624}.Ad-Hoc|iPhone.ActiveCfg = Release|x86
		{705EA733-1F59-4FCA-B354-DC39504F0624}.Ad-Hoc|iPhone.Build.0 = Release|x86
		{705EA733-1F59-4FCA-B354-DC39504F0624}.Ad-Hoc|iPhone.Deploy.0 = Release|x86
		{705EA733-1F59-4FCA-B354-DC39504F0624}.Ad-Hoc|iPhoneSimulator.ActiveCfg = Release|x86
		{705EA733-1F59-4FCA-B354-DC39504F0624}.Ad-Hoc|iPhoneSimulator.Build.0 = Release|x86
		{705EA733-1F59-4FCA-B354-DC39504F0624}.Ad-Hoc|iPhoneSimulator.Deploy.0 = Release|x86
		{705EA733-1F59-4FCA-B354-DC39504F0624}.Ad-Hoc|x64.ActiveCfg = Release|x64
		{705EA733-1F59-4FCA-B354-DC39504F0624}.Ad-Hoc|x64.Build.0 = Release|x64
		{705EA733-1F59-4FCA-B354-DC39504F0624}.Ad-Hoc|x64.Deploy.0 = Release|x64
		{705EA733-1F59-4FCA-B354-DC39504F0624}.Ad-Hoc|x86.ActiveCfg = Release|x86
		{705EA733-1F59-4FCA-B354-DC39504F0624}.Ad-Hoc|x86.Build.0 = Release|x86
		{705EA733-1F59-4FCA-B354-DC39504F0624}.Ad-Hoc|x86.Deploy.0 = Release|x86
		{705EA733-1F59-4FCA-B354-DC39504F0624}.AppStore|Any CPU.ActiveCfg = Release|x86
		{705EA733-1F59-4FCA-B354-DC39504F0624}.AppStore|Any CPU.Build.0 = Release|x86
		{705EA733-1F59-4FCA-B354-DC39504F0624}.AppStore|Any CPU.Deploy.0 = Release|x86
		{705EA733-1F59-4FCA-B354-DC39504F0624}.AppStore|ARM.ActiveCfg = Release|ARM
		{705EA733-1F59-4FCA-B354-DC39504F0624}.AppStore|ARM.Build.0 = Release|ARM
		{705EA733-1F59-4FCA-B354-DC39504F0624}.AppStore|ARM.Deploy.0 = Release|ARM
		{705EA733-1F59-4FCA-B354-DC39504F0624}.AppStore|iPhone.ActiveCfg = Release|x86
		{705EA733-1F59-4FCA-B354-DC39504F0624}.AppStore|iPhone.Build.0 = Release|x86
		{705EA733-1F59-4FCA-B354-DC39504F0624}.AppStore|iPhone.Deploy.0 = Release|x86
		{705EA733-1F59-4FCA-B354-DC39504F0624}.AppStore|iPhoneSimulator.ActiveCfg = Release|x86
		{705EA733-1F59-4FCA-B354-DC39504F0624}.AppStore|iPhoneSimulator.Build.0 = Release|x86
		{705EA733-1F59-4FCA-B354-DC39504F0624}.AppStore|iPhoneSimulator.Deploy.0 = Release|x86
		{705EA733-1F59-4FCA-B354-DC39504F0624}.AppStore|x64.ActiveCfg = Release|x64
		{705EA733-1F59-4FCA-B354-DC39504F0624}.AppStore|x64.Build.0 = Release|x64
		{705EA733-1F59-4FCA-B354-DC39504F0624}.AppStore|x64.Deploy.0 = Release|x64
		{705EA733-1F59-4FCA-B354-DC39504F0624}.AppStore|x86.ActiveCfg = Release|x86
		{705EA733-1F59-4FCA-B354-DC39504F0624}.AppStore|x86.Build.0 = Release|x86
		{705EA733-1F59-4FCA-B354-DC39504F0624}.AppStore|x86.Deploy.0 = Release|x86
		{705EA733-1F59-4FCA-B354-DC39504F0624}.Debug|Any CPU.ActiveCfg = Debug|x86
		{705EA733-1F59-4FCA-B354-DC39504F0624}.Debug|Any CPU.Build.0 = Debug|x86
		{705EA733-1F59-4FCA-B354-DC39504F0624}.Debug|Any CPU.Deploy.0 = Debug|x86
		{705EA733-1F59-4FCA-B354-DC39504F0624}.Debug|ARM.ActiveCfg = Debug|ARM
		{705EA733-1F59-4FCA-B354-DC39504F0624}.Debug|ARM.Build.0 = Debug|ARM
		{705EA733-1F59-4FCA-B354-DC39504F0624}.Debug|ARM.Deploy.0 = Debug|ARM
		{705EA733-1F59-4FCA-B354-DC39504F0624}.Debug|iPhone.ActiveCfg = Debug|x86
		{705EA733-1F59-4FCA-B354-DC39504F0624}.Debug|iPhoneSimulator.ActiveCfg = Debug|x86
		{705EA733-1F59-4FCA-B354-DC39504F0624}.Debug|x64.ActiveCfg = Debug|x64
		{705EA733-1F59-4FCA-B354-DC39504F0624}.Debug|x64.Build.0 = Debug|x64
		{705EA733-1F59-4FCA-B354-DC39504F0624}.Debug|x64.Deploy.0 = Debug|x64
		{705EA733-1F59-4FCA-B354-DC39504F0624}.Debug|x86.ActiveCfg = Debug|x86
		{705EA733-1F59-4FCA-B354-DC39504F0624}.Debug|x86.Build.0 = Debug|x86
		{705EA733-1F59-4FCA-B354-DC39504F0624}.Debug|x86.Deploy.0 = Debug|x86
		{705EA733-1F59-4FCA-B354-DC39504F0624}.Release|Any CPU.ActiveCfg = Release|x86
		{705EA733-1F59-4FCA-B354-DC39504F0624}.Release|ARM.ActiveCfg = Release|ARM
		{705EA733-1F59-4FCA-B354-DC39504F0624}.Release|ARM.Build.0 = Release|ARM
		{705EA733-1F59-4FCA-B354-DC39504F0624}.Release|ARM.Deploy.0 = Release|ARM
		{705EA733-1F59-4FCA-B354-DC39504F0624}.Release|iPhone.ActiveCfg = Release|x86
		{705EA733-1F59-4FCA-B354-DC39504F0624}.Release|iPhoneSimulator.ActiveCfg = Release|x86
		{705EA733-1F59-4FCA-B354-DC39504F0624}.Release|x64.ActiveCfg = Release|x64
		{705EA733-1F59-4FCA-B354-DC39504F0624}.Release|x64.Build.0 = Release|x64
		{705EA733-1F59-4FCA-B354-DC39504F0624}.Release|x64.Deploy.0 = Release|x64
		{705EA733-1F59-4FCA-B354-DC39504F0624}.Release|x86.ActiveCfg = Release|x86
		{705EA733-1F59-4FCA-B354-DC39504F0624}.Release|x86.Build.0 = Release|x86
		{705EA733-1F59-4FCA-B354-DC39504F0624}.Release|x86.Deploy.0 = Release|x86
	EndGlobalSection
	GlobalSection(SolutionProperties) = preSolution
		HideSolutionNode = FALSE
	EndGlobalSection
EndGlobal
