
Microsoft Visual Studio Solution File, Format Version 12.00
# Visual Studio 14
VisualStudioVersion = 14.0.25420.1
MinimumVisualStudioVersion = 10.0.40219.1
Project("{FAE04EC0-301F-11D3-BF4B-00C04F79EFBC}") = "XFoAuth2", "XFoAuth2\XFoAuth2\XFoAuth2.csproj", "{179F151A-DCBD-4FF1-8119-3DE8EFF8C706}"
EndProject
Project("{FAE04EC0-301F-11D3-BF4B-00C04F79EFBC}") = "XFoAuth2.Droid", "XFoAuth2\XFoAuth2.Droid\XFoAuth2.Droid.csproj", "{90255C7C-D47E-48CE-9E2B-CE866F0FA144}"
EndProject
Project("{FAE04EC0-301F-11D3-BF4B-00C04F79EFBC}") = "XFoAuth2.iOS", "XFoAuth2\XFoAuth2.iOS\XFoAuth2.iOS.csproj", "{95E51B83-80CB-4BAB-8F00-003BDBED7F39}"
EndProject
Project("{FAE04EC0-301F-11D3-BF4B-00C04F79EFBC}") = "XFoAuth2.UWP", "XFoAuth2\XFoAuth2.UWP\XFoAuth2.UWP.csproj", "{EA1B521C-D457-4805-A2D5-68C1439D0C1F}"
EndProject
Global
	GlobalSection(SolutionConfigurationPlatforms) = preSolution
		Ad-Hoc|Any CPU = Ad-Hoc|Any CPU
		Ad-Hoc|ARM = Ad-Hoc|ARM
		Ad-Hoc|iPhone = Ad-Hoc|iPhone
		Ad-Hoc|iPhoneSimulator = Ad-Hoc|iPhoneSimulator
		Ad-Hoc|x64 = Ad-Hoc|x64
		Ad-Hoc|x86 = Ad-Hoc|x86
		AppStore|Any CPU = AppStore|Any CPU
		AppStore|ARM = AppStore|ARM
		AppStore|iPhone = AppStore|iPhone
		AppStore|iPhoneSimulator = AppStore|iPhoneSimulator
		AppStore|x64 = AppStore|x64
		AppStore|x86 = AppStore|x86
		Debug|Any CPU = Debug|Any CPU
		Debug|ARM = Debug|ARM
		Debug|iPhone = Debug|iPhone
		Debug|iPhoneSimulator = Debug|iPhoneSimulator
		Debug|x64 = Debug|x64
		Debug|x86 = Debug|x86
		Release|Any CPU = Release|Any CPU
		Release|ARM = Release|ARM
		Release|iPhone = Release|iPhone
		Release|iPhoneSimulator = Release|iPhoneSimulator
		Release|x64 = Release|x64
		Release|x86 = Release|x86
	EndGlobalSection
	GlobalSection(ProjectConfigurationPlatforms) = postSolution
		{179F151A-DCBD-4FF1-8119-3DE8EFF8C706}.Ad-Hoc|Any CPU.ActiveCfg = Release|Any CPU
		{179F151A-DCBD-4FF1-8119-3DE8EFF8C706}.Ad-Hoc|Any CPU.Build.0 = Release|Any CPU
		{179F151A-DCBD-4FF1-8119-3DE8EFF8C706}.Ad-Hoc|ARM.ActiveCfg = Release|Any CPU
		{179F151A-DCBD-4FF1-8119-3DE8EFF8C706}.Ad-Hoc|ARM.Build.0 = Release|Any CPU
		{179F151A-DCBD-4FF1-8119-3DE8EFF8C706}.Ad-Hoc|iPhone.ActiveCfg = Release|Any CPU
		{179F151A-DCBD-4FF1-8119-3DE8EFF8C706}.Ad-Hoc|iPhone.Build.0 = Release|Any CPU
		{179F151A-DCBD-4FF1-8119-3DE8EFF8C706}.Ad-Hoc|iPhoneSimulator.ActiveCfg = Release|Any CPU
		{179F151A-DCBD-4FF1-8119-3DE8EFF8C706}.Ad-Hoc|iPhoneSimulator.Build.0 = Release|Any CPU
		{179F151A-DCBD-4FF1-8119-3DE8EFF8C706}.Ad-Hoc|x64.ActiveCfg = Release|Any CPU
		{179F151A-DCBD-4FF1-8119-3DE8EFF8C706}.Ad-Hoc|x64.Build.0 = Release|Any CPU
		{179F151A-DCBD-4FF1-8119-3DE8EFF8C706}.Ad-Hoc|x86.ActiveCfg = Release|Any CPU
		{179F151A-DCBD-4FF1-8119-3DE8EFF8C706}.Ad-Hoc|x86.Build.0 = Release|Any CPU
		{179F151A-DCBD-4FF1-8119-3DE8EFF8C706}.AppStore|Any CPU.ActiveCfg = Release|Any CPU
		{179F151A-DCBD-4FF1-8119-3DE8EFF8C706}.AppStore|Any CPU.Build.0 = Release|Any CPU
		{179F151A-DCBD-4FF1-8119-3DE8EFF8C706}.AppStore|ARM.ActiveCfg = Release|Any CPU
		{179F151A-DCBD-4FF1-8119-3DE8EFF8C706}.AppStore|ARM.Build.0 = Release|Any CPU
		{179F151A-DCBD-4FF1-8119-3DE8EFF8C706}.AppStore|iPhone.ActiveCfg = Release|Any CPU
		{179F151A-DCBD-4FF1-8119-3DE8EFF8C706}.AppStore|iPhone.Build.0 = Release|Any CPU
		{179F151A-DCBD-4FF1-8119-3DE8EFF8C706}.AppStore|iPhoneSimulator.ActiveCfg = Release|Any CPU
		{179F151A-DCBD-4FF1-8119-3DE8EFF8C706}.AppStore|iPhoneSimulator.Build.0 = Release|Any CPU
		{179F151A-DCBD-4FF1-8119-3DE8EFF8C706}.AppStore|x64.ActiveCfg = Release|Any CPU
		{179F151A-DCBD-4FF1-8119-3DE8EFF8C706}.AppStore|x64.Build.0 = Release|Any CPU
		{179F151A-DCBD-4FF1-8119-3DE8EFF8C706}.AppStore|x86.ActiveCfg = Release|Any CPU
		{179F151A-DCBD-4FF1-8119-3DE8EFF8C706}.AppStore|x86.Build.0 = Release|Any CPU
		{179F151A-DCBD-4FF1-8119-3DE8EFF8C706}.Debug|Any CPU.ActiveCfg = Debug|Any CPU
		{179F151A-DCBD-4FF1-8119-3DE8EFF8C706}.Debug|Any CPU.Build.0 = Debug|Any CPU
		{179F151A-DCBD-4FF1-8119-3DE8EFF8C706}.Debug|ARM.ActiveCfg = Debug|Any CPU
		{179F151A-DCBD-4FF1-8119-3DE8EFF8C706}.Debug|ARM.Build.0 = Debug|Any CPU
		{179F151A-DCBD-4FF1-8119-3DE8EFF8C706}.Debug|iPhone.ActiveCfg = Debug|Any CPU
		{179F151A-DCBD-4FF1-8119-3DE8EFF8C706}.Debug|iPhone.Build.0 = Debug|Any CPU
		{179F151A-DCBD-4FF1-8119-3DE8EFF8C706}.Debug|iPhoneSimulator.ActiveCfg = Debug|Any CPU
		{179F151A-DCBD-4FF1-8119-3DE8EFF8C706}.Debug|iPhoneSimulator.Build.0 = Debug|Any CPU
		{179F151A-DCBD-4FF1-8119-3DE8EFF8C706}.Debug|x64.ActiveCfg = Debug|Any CPU
		{179F151A-DCBD-4FF1-8119-3DE8EFF8C706}.Debug|x64.Build.0 = Debug|Any CPU
		{179F151A-DCBD-4FF1-8119-3DE8EFF8C706}.Debug|x86.ActiveCfg = Debug|Any CPU
		{179F151A-DCBD-4FF1-8119-3DE8EFF8C706}.Debug|x86.Build.0 = Debug|Any CPU
		{179F151A-DCBD-4FF1-8119-3DE8EFF8C706}.Release|Any CPU.ActiveCfg = Release|Any CPU
		{179F151A-DCBD-4FF1-8119-3DE8EFF8C706}.Release|Any CPU.Build.0 = Release|Any CPU
		{179F151A-DCBD-4FF1-8119-3DE8EFF8C706}.Release|ARM.ActiveCfg = Release|Any CPU
		{179F151A-DCBD-4FF1-8119-3DE8EFF8C706}.Release|ARM.Build.0 = Release|Any CPU
		{179F151A-DCBD-4FF1-8119-3DE8EFF8C706}.Release|iPhone.ActiveCfg = Release|Any CPU
		{179F151A-DCBD-4FF1-8119-3DE8EFF8C706}.Release|iPhone.Build.0 = Release|Any CPU
		{179F151A-DCBD-4FF1-8119-3DE8EFF8C706}.Release|iPhoneSimulator.ActiveCfg = Release|Any CPU
		{179F151A-DCBD-4FF1-8119-3DE8EFF8C706}.Release|iPhoneSimulator.Build.0 = Release|Any CPU
		{179F151A-DCBD-4FF1-8119-3DE8EFF8C706}.Release|x64.ActiveCfg = Release|Any CPU
		{179F151A-DCBD-4FF1-8119-3DE8EFF8C706}.Release|x64.Build.0 = Release|Any CPU
		{179F151A-DCBD-4FF1-8119-3DE8EFF8C706}.Release|x86.ActiveCfg = Release|Any CPU
		{179F151A-DCBD-4FF1-8119-3DE8EFF8C706}.Release|x86.Build.0 = Release|Any CPU
		{90255C7C-D47E-48CE-9E2B-CE866F0FA144}.Ad-Hoc|Any CPU.ActiveCfg = Release|Any CPU
		{90255C7C-D47E-48CE-9E2B-CE866F0FA144}.Ad-Hoc|Any CPU.Build.0 = Release|Any CPU
		{90255C7C-D47E-48CE-9E2B-CE866F0FA144}.Ad-Hoc|Any CPU.Deploy.0 = Release|Any CPU
		{90255C7C-D47E-48CE-9E2B-CE866F0FA144}.Ad-Hoc|ARM.ActiveCfg = Release|Any CPU
		{90255C7C-D47E-48CE-9E2B-CE866F0FA144}.Ad-Hoc|ARM.Build.0 = Release|Any CPU
		{90255C7C-D47E-48CE-9E2B-CE866F0FA144}.Ad-Hoc|ARM.Deploy.0 = Release|Any CPU
		{90255C7C-D47E-48CE-9E2B-CE866F0FA144}.Ad-Hoc|iPhone.ActiveCfg = Release|Any CPU
		{90255C7C-D47E-48CE-9E2B-CE866F0FA144}.Ad-Hoc|iPhone.Build.0 = Release|Any CPU
		{90255C7C-D47E-48CE-9E2B-CE866F0FA144}.Ad-Hoc|iPhone.Deploy.0 = Release|Any CPU
		{90255C7C-D47E-48CE-9E2B-CE866F0FA144}.Ad-Hoc|iPhoneSimulator.ActiveCfg = Release|Any CPU
		{90255C7C-D47E-48CE-9E2B-CE866F0FA144}.Ad-Hoc|iPhoneSimulator.Build.0 = Release|Any CPU
		{90255C7C-D47E-48CE-9E2B-CE866F0FA144}.Ad-Hoc|iPhoneSimulator.Deploy.0 = Release|Any CPU
		{90255C7C-D47E-48CE-9E2B-CE866F0FA144}.Ad-Hoc|x64.ActiveCfg = Release|Any CPU
		{90255C7C-D47E-48CE-9E2B-CE866F0FA144}.Ad-Hoc|x64.Build.0 = Release|Any CPU
		{90255C7C-D47E-48CE-9E2B-CE866F0FA144}.Ad-Hoc|x64.Deploy.0 = Release|Any CPU
		{90255C7C-D47E-48CE-9E2B-CE866F0FA144}.Ad-Hoc|x86.ActiveCfg = Release|Any CPU
		{90255C7C-D47E-48CE-9E2B-CE866F0FA144}.Ad-Hoc|x86.Build.0 = Release|Any CPU
		{90255C7C-D47E-48CE-9E2B-CE866F0FA144}.Ad-Hoc|x86.Deploy.0 = Release|Any CPU
		{90255C7C-D47E-48CE-9E2B-CE866F0FA144}.AppStore|Any CPU.ActiveCfg = Release|Any CPU
		{90255C7C-D47E-48CE-9E2B-CE866F0FA144}.AppStore|Any CPU.Build.0 = Release|Any CPU
		{90255C7C-D47E-48CE-9E2B-CE866F0FA144}.AppStore|Any CPU.Deploy.0 = Release|Any CPU
		{90255C7C-D47E-48CE-9E2B-CE866F0FA144}.AppStore|ARM.ActiveCfg = Release|Any CPU
		{90255C7C-D47E-48CE-9E2B-CE866F0FA144}.AppStore|ARM.Build.0 = Release|Any CPU
		{90255C7C-D47E-48CE-9E2B-CE866F0FA144}.AppStore|ARM.Deploy.0 = Release|Any CPU
		{90255C7C-D47E-48CE-9E2B-CE866F0FA144}.AppStore|iPhone.ActiveCfg = Release|Any CPU
		{90255C7C-D47E-48CE-9E2B-CE866F0FA144}.AppStore|iPhone.Build.0 = Release|Any CPU
		{90255C7C-D47E-48CE-9E2B-CE866F0FA144}.AppStore|iPhone.Deploy.0 = Release|Any CPU
		{90255C7C-D47E-48CE-9E2B-CE866F0FA144}.AppStore|iPhoneSimulator.ActiveCfg = Release|Any CPU
		{90255C7C-D47E-48CE-9E2B-CE866F0FA144}.AppStore|iPhoneSimulator.Build.0 = Release|Any CPU
		{90255C7C-D47E-48CE-9E2B-CE866F0FA144}.AppStore|iPhoneSimulator.Deploy.0 = Release|Any CPU
		{90255C7C-D47E-48CE-9E2B-CE866F0FA144}.AppStore|x64.ActiveCfg = Release|Any CPU
		{90255C7C-D47E-48CE-9E2B-CE866F0FA144}.AppStore|x64.Build.0 = Release|Any CPU
		{90255C7C-D47E-48CE-9E2B-CE866F0FA144}.AppStore|x64.Deploy.0 = Release|Any CPU
		{90255C7C-D47E-48CE-9E2B-CE866F0FA144}.AppStore|x86.ActiveCfg = Release|Any CPU
		{90255C7C-D47E-48CE-9E2B-CE866F0FA144}.AppStore|x86.Build.0 = Release|Any CPU
		{90255C7C-D47E-48CE-9E2B-CE866F0FA144}.AppStore|x86.Deploy.0 = Release|Any CPU
		{90255C7C-D47E-48CE-9E2B-CE866F0FA144}.Debug|Any CPU.ActiveCfg = Debug|Any CPU
		{90255C7C-D47E-48CE-9E2B-CE866F0FA144}.Debug|Any CPU.Build.0 = Debug|Any CPU
		{90255C7C-D47E-48CE-9E2B-CE866F0FA144}.Debug|Any CPU.Deploy.0 = Debug|Any CPU
		{90255C7C-D47E-48CE-9E2B-CE866F0FA144}.Debug|ARM.ActiveCfg = Debug|Any CPU
		{90255C7C-D47E-48CE-9E2B-CE866F0FA144}.Debug|ARM.Build.0 = Debug|Any CPU
		{90255C7C-D47E-48CE-9E2B-CE866F0FA144}.Debug|ARM.Deploy.0 = Debug|Any CPU
		{90255C7C-D47E-48CE-9E2B-CE866F0FA144}.Debug|iPhone.ActiveCfg = Debug|Any CPU
		{90255C7C-D47E-48CE-9E2B-CE866F0FA144}.Debug|iPhone.Build.0 = Debug|Any CPU
		{90255C7C-D47E-48CE-9E2B-CE866F0FA144}.Debug|iPhone.Deploy.0 = Debug|Any CPU
		{90255C7C-D47E-48CE-9E2B-CE866F0FA144}.Debug|iPhoneSimulator.ActiveCfg = Debug|Any CPU
		{90255C7C-D47E-48CE-9E2B-CE866F0FA144}.Debug|iPhoneSimulator.Build.0 = Debug|Any CPU
		{90255C7C-D47E-48CE-9E2B-CE866F0FA144}.Debug|iPhoneSimulator.Deploy.0 = Debug|Any CPU
		{90255C7C-D47E-48CE-9E2B-CE866F0FA144}.Debug|x64.ActiveCfg = Debug|Any CPU
		{90255C7C-D47E-48CE-9E2B-CE866F0FA144}.Debug|x64.Build.0 = Debug|Any CPU
		{90255C7C-D47E-48CE-9E2B-CE866F0FA144}.Debug|x64.Deploy.0 = Debug|Any CPU
		{90255C7C-D47E-48CE-9E2B-CE866F0FA144}.Debug|x86.ActiveCfg = Debug|Any CPU
		{90255C7C-D47E-48CE-9E2B-CE866F0FA144}.Debug|x86.Build.0 = Debug|Any CPU
		{90255C7C-D47E-48CE-9E2B-CE866F0FA144}.Debug|x86.Deploy.0 = Debug|Any CPU
		{90255C7C-D47E-48CE-9E2B-CE866F0FA144}.Release|Any CPU.ActiveCfg = Release|Any CPU
		{90255C7C-D47E-48CE-9E2B-CE866F0FA144}.Release|Any CPU.Build.0 = Release|Any CPU
		{90255C7C-D47E-48CE-9E2B-CE866F0FA144}.Release|Any CPU.Deploy.0 = Release|Any CPU
		{90255C7C-D47E-48CE-9E2B-CE866F0FA144}.Release|ARM.ActiveCfg = Release|Any CPU
		{90255C7C-D47E-48CE-9E2B-CE866F0FA144}.Release|ARM.Build.0 = Release|Any CPU
		{90255C7C-D47E-48CE-9E2B-CE866F0FA144}.Release|ARM.Deploy.0 = Release|Any CPU
		{90255C7C-D47E-48CE-9E2B-CE866F0FA144}.Release|iPhone.ActiveCfg = Release|Any CPU
		{90255C7C-D47E-48CE-9E2B-CE866F0FA144}.Release|iPhone.Build.0 = Release|Any CPU
		{90255C7C-D47E-48CE-9E2B-CE866F0FA144}.Release|iPhone.Deploy.0 = Release|Any CPU
		{90255C7C-D47E-48CE-9E2B-CE866F0FA144}.Release|iPhoneSimulator.ActiveCfg = Release|Any CPU
		{90255C7C-D47E-48CE-9E2B-CE866F0FA144}.Release|iPhoneSimulator.Build.0 = Release|Any CPU
		{90255C7C-D47E-48CE-9E2B-CE866F0FA144}.Release|iPhoneSimulator.Deploy.0 = Release|Any CPU
		{90255C7C-D47E-48CE-9E2B-CE866F0FA144}.Release|x64.ActiveCfg = Release|Any CPU
		{90255C7C-D47E-48CE-9E2B-CE866F0FA144}.Release|x64.Build.0 = Release|Any CPU
		{90255C7C-D47E-48CE-9E2B-CE866F0FA144}.Release|x64.Deploy.0 = Release|Any CPU
		{90255C7C-D47E-48CE-9E2B-CE866F0FA144}.Release|x86.ActiveCfg = Release|Any CPU
		{90255C7C-D47E-48CE-9E2B-CE866F0FA144}.Release|x86.Build.0 = Release|Any CPU
		{90255C7C-D47E-48CE-9E2B-CE866F0FA144}.Release|x86.Deploy.0 = Release|Any CPU
		{95E51B83-80CB-4BAB-8F00-003BDBED7F39}.Ad-Hoc|Any CPU.ActiveCfg = Ad-Hoc|iPhone
		{95E51B83-80CB-4BAB-8F00-003BDBED7F39}.Ad-Hoc|ARM.ActiveCfg = Ad-Hoc|iPhone
		{95E51B83-80CB-4BAB-8F00-003BDBED7F39}.Ad-Hoc|iPhone.ActiveCfg = Ad-Hoc|iPhone
		{95E51B83-80CB-4BAB-8F00-003BDBED7F39}.Ad-Hoc|iPhone.Build.0 = Ad-Hoc|iPhone
		{95E51B83-80CB-4BAB-8F00-003BDBED7F39}.Ad-Hoc|iPhoneSimulator.ActiveCfg = Ad-Hoc|iPhoneSimulator
		{95E51B83-80CB-4BAB-8F00-003BDBED7F39}.Ad-Hoc|iPhoneSimulator.Build.0 = Ad-Hoc|iPhoneSimulator
		{95E51B83-80CB-4BAB-8F00-003BDBED7F39}.Ad-Hoc|x64.ActiveCfg = Ad-Hoc|iPhone
		{95E51B83-80CB-4BAB-8F00-003BDBED7F39}.Ad-Hoc|x86.ActiveCfg = Ad-Hoc|iPhone
		{95E51B83-80CB-4BAB-8F00-003BDBED7F39}.AppStore|Any CPU.ActiveCfg = AppStore|iPhone
		{95E51B83-80CB-4BAB-8F00-003BDBED7F39}.AppStore|ARM.ActiveCfg = AppStore|iPhone
		{95E51B83-80CB-4BAB-8F00-003BDBED7F39}.AppStore|iPhone.ActiveCfg = AppStore|iPhone
		{95E51B83-80CB-4BAB-8F00-003BDBED7F39}.AppStore|iPhone.Build.0 = AppStore|iPhone
		{95E51B83-80CB-4BAB-8F00-003BDBED7F39}.AppStore|iPhoneSimulator.ActiveCfg = AppStore|iPhoneSimulator
		{95E51B83-80CB-4BAB-8F00-003BDBED7F39}.AppStore|iPhoneSimulator.Build.0 = AppStore|iPhoneSimulator
		{95E51B83-80CB-4BAB-8F00-003BDBED7F39}.AppStore|x64.ActiveCfg = AppStore|iPhone
		{95E51B83-80CB-4BAB-8F00-003BDBED7F39}.AppStore|x86.ActiveCfg = AppStore|iPhone
		{95E51B83-80CB-4BAB-8F00-003BDBED7F39}.Debug|Any CPU.ActiveCfg = Debug|iPhone
		{95E51B83-80CB-4BAB-8F00-003BDBED7F39}.Debug|Any CPU.Build.0 = Debug|iPhone
		{95E51B83-80CB-4BAB-8F00-003BDBED7F39}.Debug|ARM.ActiveCfg = Debug|iPhone
		{95E51B83-80CB-4BAB-8F00-003BDBED7F39}.Debug|iPhone.ActiveCfg = Debug|iPhone
		{95E51B83-80CB-4BAB-8F00-003BDBED7F39}.Debug|iPhone.Build.0 = Debug|iPhone
		{95E51B83-80CB-4BAB-8F00-003BDBED7F39}.Debug|iPhoneSimulator.ActiveCfg = Debug|iPhoneSimulator
		{95E51B83-80CB-4BAB-8F00-003BDBED7F39}.Debug|iPhoneSimulator.Build.0 = Debug|iPhoneSimulator
		{95E51B83-80CB-4BAB-8F00-003BDBED7F39}.Debug|x64.ActiveCfg = Debug|iPhone
		{95E51B83-80CB-4BAB-8F00-003BDBED7F39}.Debug|x86.ActiveCfg = Debug|iPhone
		{95E51B83-80CB-4BAB-8F00-003BDBED7F39}.Release|Any CPU.ActiveCfg = Release|iPhone
		{95E51B83-80CB-4BAB-8F00-003BDBED7F39}.Release|ARM.ActiveCfg = Release|iPhone
		{95E51B83-80CB-4BAB-8F00-003BDBED7F39}.Release|iPhone.ActiveCfg = Release|iPhone
		{95E51B83-80CB-4BAB-8F00-003BDBED7F39}.Release|iPhone.Build.0 = Release|iPhone
		{95E51B83-80CB-4BAB-8F00-003BDBED7F39}.Release|iPhoneSimulator.ActiveCfg = Release|iPhoneSimulator
		{95E51B83-80CB-4BAB-8F00-003BDBED7F39}.Release|iPhoneSimulator.Build.0 = Release|iPhoneSimulator
		{95E51B83-80CB-4BAB-8F00-003BDBED7F39}.Release|x64.ActiveCfg = Release|iPhone
		{95E51B83-80CB-4BAB-8F00-003BDBED7F39}.Release|x86.ActiveCfg = Release|iPhone
		{EA1B521C-D457-4805-A2D5-68C1439D0C1F}.Ad-Hoc|Any CPU.ActiveCfg = Release|x86
		{EA1B521C-D457-4805-A2D5-68C1439D0C1F}.Ad-Hoc|Any CPU.Build.0 = Release|x86
		{EA1B521C-D457-4805-A2D5-68C1439D0C1F}.Ad-Hoc|Any CPU.Deploy.0 = Release|x86
		{EA1B521C-D457-4805-A2D5-68C1439D0C1F}.Ad-Hoc|ARM.ActiveCfg = Release|ARM
		{EA1B521C-D457-4805-A2D5-68C1439D0C1F}.Ad-Hoc|ARM.Build.0 = Release|ARM
		{EA1B521C-D457-4805-A2D5-68C1439D0C1F}.Ad-Hoc|ARM.Deploy.0 = Release|ARM
		{EA1B521C-D457-4805-A2D5-68C1439D0C1F}.Ad-Hoc|iPhone.ActiveCfg = Release|x86
		{EA1B521C-D457-4805-A2D5-68C1439D0C1F}.Ad-Hoc|iPhone.Build.0 = Release|x86
		{EA1B521C-D457-4805-A2D5-68C1439D0C1F}.Ad-Hoc|iPhone.Deploy.0 = Release|x86
		{EA1B521C-D457-4805-A2D5-68C1439D0C1F}.Ad-Hoc|iPhoneSimulator.ActiveCfg = Release|x86
		{EA1B521C-D457-4805-A2D5-68C1439D0C1F}.Ad-Hoc|iPhoneSimulator.Build.0 = Release|x86
		{EA1B521C-D457-4805-A2D5-68C1439D0C1F}.Ad-Hoc|iPhoneSimulator.Deploy.0 = Release|x86
		{EA1B521C-D457-4805-A2D5-68C1439D0C1F}.Ad-Hoc|x64.ActiveCfg = Release|x64
		{EA1B521C-D457-4805-A2D5-68C1439D0C1F}.Ad-Hoc|x64.Build.0 = Release|x64
		{EA1B521C-D457-4805-A2D5-68C1439D0C1F}.Ad-Hoc|x64.Deploy.0 = Release|x64
		{EA1B521C-D457-4805-A2D5-68C1439D0C1F}.Ad-Hoc|x86.ActiveCfg = Release|x86
		{EA1B521C-D457-4805-A2D5-68C1439D0C1F}.Ad-Hoc|x86.Build.0 = Release|x86
		{EA1B521C-D457-4805-A2D5-68C1439D0C1F}.Ad-Hoc|x86.Deploy.0 = Release|x86
		{EA1B521C-D457-4805-A2D5-68C1439D0C1F}.AppStore|Any CPU.ActiveCfg = Release|x86
		{EA1B521C-D457-4805-A2D5-68C1439D0C1F}.AppStore|Any CPU.Build.0 = Release|x86
		{EA1B521C-D457-4805-A2D5-68C1439D0C1F}.AppStore|Any CPU.Deploy.0 = Release|x86
		{EA1B521C-D457-4805-A2D5-68C1439D0C1F}.AppStore|ARM.ActiveCfg = Release|ARM
		{EA1B521C-D457-4805-A2D5-68C1439D0C1F}.AppStore|ARM.Build.0 = Release|ARM
		{EA1B521C-D457-4805-A2D5-68C1439D0C1F}.AppStore|ARM.Deploy.0 = Release|ARM
		{EA1B521C-D457-4805-A2D5-68C1439D0C1F}.AppStore|iPhone.ActiveCfg = Release|x86
		{EA1B521C-D457-4805-A2D5-68C1439D0C1F}.AppStore|iPhone.Build.0 = Release|x86
		{EA1B521C-D457-4805-A2D5-68C1439D0C1F}.AppStore|iPhone.Deploy.0 = Release|x86
		{EA1B521C-D457-4805-A2D5-68C1439D0C1F}.AppStore|iPhoneSimulator.ActiveCfg = Release|x86
		{EA1B521C-D457-4805-A2D5-68C1439D0C1F}.AppStore|iPhoneSimulator.Build.0 = Release|x86
		{EA1B521C-D457-4805-A2D5-68C1439D0C1F}.AppStore|iPhoneSimulator.Deploy.0 = Release|x86
		{EA1B521C-D457-4805-A2D5-68C1439D0C1F}.AppStore|x64.ActiveCfg = Release|x64
		{EA1B521C-D457-4805-A2D5-68C1439D0C1F}.AppStore|x64.Build.0 = Release|x64
		{EA1B521C-D457-4805-A2D5-68C1439D0C1F}.AppStore|x64.Deploy.0 = Release|x64
		{EA1B521C-D457-4805-A2D5-68C1439D0C1F}.AppStore|x86.ActiveCfg = Release|x86
		{EA1B521C-D457-4805-A2D5-68C1439D0C1F}.AppStore|x86.Build.0 = Release|x86
		{EA1B521C-D457-4805-A2D5-68C1439D0C1F}.AppStore|x86.Deploy.0 = Release|x86
		{EA1B521C-D457-4805-A2D5-68C1439D0C1F}.Debug|Any CPU.ActiveCfg = Debug|x86
		{EA1B521C-D457-4805-A2D5-68C1439D0C1F}.Debug|Any CPU.Build.0 = Debug|x86
		{EA1B521C-D457-4805-A2D5-68C1439D0C1F}.Debug|Any CPU.Deploy.0 = Debug|x86
		{EA1B521C-D457-4805-A2D5-68C1439D0C1F}.Debug|ARM.ActiveCfg = Debug|ARM
		{EA1B521C-D457-4805-A2D5-68C1439D0C1F}.Debug|ARM.Build.0 = Debug|ARM
		{EA1B521C-D457-4805-A2D5-68C1439D0C1F}.Debug|ARM.Deploy.0 = Debug|ARM
		{EA1B521C-D457-4805-A2D5-68C1439D0C1F}.Debug|iPhone.ActiveCfg = Debug|x86
		{EA1B521C-D457-4805-A2D5-68C1439D0C1F}.Debug|iPhoneSimulator.ActiveCfg = Debug|x86
		{EA1B521C-D457-4805-A2D5-68C1439D0C1F}.Debug|x64.ActiveCfg = Debug|x64
		{EA1B521C-D457-4805-A2D5-68C1439D0C1F}.Debug|x64.Build.0 = Debug|x64
		{EA1B521C-D457-4805-A2D5-68C1439D0C1F}.Debug|x64.Deploy.0 = Debug|x64
		{EA1B521C-D457-4805-A2D5-68C1439D0C1F}.Debug|x86.ActiveCfg = Debug|x86
		{EA1B521C-D457-4805-A2D5-68C1439D0C1F}.Debug|x86.Build.0 = Debug|x86
		{EA1B521C-D457-4805-A2D5-68C1439D0C1F}.Debug|x86.Deploy.0 = Debug|x86
		{EA1B521C-D457-4805-A2D5-68C1439D0C1F}.Release|Any CPU.ActiveCfg = Release|x86
		{EA1B521C-D457-4805-A2D5-68C1439D0C1F}.Release|ARM.ActiveCfg = Release|ARM
		{EA1B521C-D457-4805-A2D5-68C1439D0C1F}.Release|ARM.Build.0 = Release|ARM
		{EA1B521C-D457-4805-A2D5-68C1439D0C1F}.Release|ARM.Deploy.0 = Release|ARM
		{EA1B521C-D457-4805-A2D5-68C1439D0C1F}.Release|iPhone.ActiveCfg = Release|x86
		{EA1B521C-D457-4805-A2D5-68C1439D0C1F}.Release|iPhoneSimulator.ActiveCfg = Release|x86
		{EA1B521C-D457-4805-A2D5-68C1439D0C1F}.Release|x64.ActiveCfg = Release|x64
		{EA1B521C-D457-4805-A2D5-68C1439D0C1F}.Release|x64.Build.0 = Release|x64
		{EA1B521C-D457-4805-A2D5-68C1439D0C1F}.Release|x64.Deploy.0 = Release|x64
		{EA1B521C-D457-4805-A2D5-68C1439D0C1F}.Release|x86.ActiveCfg = Release|x86
		{EA1B521C-D457-4805-A2D5-68C1439D0C1F}.Release|x86.Build.0 = Release|x86
		{EA1B521C-D457-4805-A2D5-68C1439D0C1F}.Release|x86.Deploy.0 = Release|x86
	EndGlobalSection
	GlobalSection(SolutionProperties) = preSolution
		HideSolutionNode = FALSE
	EndGlobalSection
EndGlobal
